
Microsoft Visual Studio Solution File, Format Version 12.00
# Visual Studio Version 16
VisualStudioVersion = 16.0.31205.134
MinimumVisualStudioVersion = 10.0.40219.1
Project("{FAE04EC0-301F-11D3-BF4B-00C04F79EFBC}") = "Dumitrache_Cezara_Andreea_3131B", "Dumitrache_Cezara_Andreea_3131B.csproj", "{780EFD45-D679-4030-90BB-2496D804996A}"
EndProject
Global
	GlobalSection(SolutionConfigurationPlatforms) = preSolution
		Debug|Any CPU = Debug|Any CPU
		Release|Any CPU = Release|Any CPU
	EndGlobalSection
	GlobalSection(ProjectConfigurationPlatforms) = postSolution
		{780EFD45-D679-4030-90BB-2496D804996A}.Debug|Any CPU.ActiveCfg = Debug|Any CPU
		{780EFD45-D679-4030-90BB-2496D804996A}.Debug|Any CPU.Build.0 = Debug|Any CPU
		{780EFD45-D679-4030-90BB-2496D804996A}.Release|Any CPU.ActiveCfg = Release|Any CPU
		{780EFD45-D679-4030-90BB-2496D804996A}.Release|Any CPU.Build.0 = Release|Any CPU
	EndGlobalSection
	GlobalSection(SolutionProperties) = preSolution
		HideSolutionNode = FALSE
	EndGlobalSection
	GlobalSection(ExtensibilityGlobals) = postSolution
		SolutionGuid = {74D09512-373F-4523-BC26-A6D2CE0B5449}
	EndGlobalSection
EndGlobal
